# @generated by Move, please check-in and do not edit manually.

[move]
version = 3
manifest_digest = "4A897186ADCDB4CA1C99FD636BA6FC31AA13802B5733A64F45B25BB5760D401B"
deps_digest = "F8BBB0CCB2491CA29A3DF03D6F92277A4F3574266507ACD77214D37ECA3F3082"
dependencies = [
  { id = "Sui", name = "Sui" },
]

[[move.package]]
id = "MoveStdlib"
source = { git = "https://github.com/MystenLabs/sui", rev = "testnet", subdir = "crates\\sui-framework\\packages\\move-stdlib" }

[[move.package]]
id = "Sui"
source = { git = "https://github.com/MystenLabs/sui", rev = "testnet", subdir = "crates/sui-framework/packages/sui-framework" }

dependencies = [
  { id = "MoveStdlib", name = "MoveStdlib" },
]

[move.toolchain-version]
compiler-version = "1.51.1"
edition = "2024.beta"
flavor = "sui"

[env]

[env.testnet]
chain-id = "4c78adac"
original-published-id = "0x0430dbcbbf66fef849521480770c19e2f037c944606eadd57d8ac91e655a5dc1"
latest-published-id = "0x0430dbcbbf66fef849521480770c19e2f037c944606eadd57d8ac91e655a5dc1"
published-version = "1"
